// !$*UTF8*$!
{
	archiveVersion = 1;
	classes = {
	};
	objectVersion = 46;
	objects = {

/* Begin PBXBuildFile section */
		14A227A31DC83FD200179655 /* AppDelegate.swift in Sources */ = {isa = PBXBuildFile; fileRef = 14A227A21DC83FD200179655 /* AppDelegate.swift */; };
		14A227A51DC83FD200179655 /* ViewController.swift in Sources */ = {isa = PBXBuildFile; fileRef = 14A227A41DC83FD200179655 /* ViewController.swift */; };
		14A227A81DC83FD200179655 /* Main.storyboard in Resources */ = {isa = PBXBuildFile; fileRef = 14A227A61DC83FD200179655 /* Main.storyboard */; };
		14A227AB1DC83FD200179655 /* FreeFinder.xcdatamodeld in Sources */ = {isa = PBXBuildFile; fileRef = 14A227A91DC83FD200179655 /* FreeFinder.xcdatamodeld */; };
		14A227AD1DC83FD200179655 /* Assets.xcassets in Resources */ = {isa = PBXBuildFile; fileRef = 14A227AC1DC83FD200179655 /* Assets.xcassets */; };
		14A227B01DC83FD200179655 /* LaunchScreen.storyboard in Resources */ = {isa = PBXBuildFile; fileRef = 14A227AE1DC83FD200179655 /* LaunchScreen.storyboard */; };
		14A227BB1DC83FD200179655 /* FreeFinderTests.swift in Sources */ = {isa = PBXBuildFile; fileRef = 14A227BA1DC83FD200179655 /* FreeFinderTests.swift */; };
		14A227C61DC8425200179655 /* MainTableViewController.swift in Sources */ = {isa = PBXBuildFile; fileRef = 14A227C51DC8425200179655 /* MainTableViewController.swift */; };
		D47DF7C188420CC820A8F402 /* Pods_FreeFinder.framework in Frameworks */ = {isa = PBXBuildFile; fileRef = C93BA0493536EAE612C8D09D /* Pods_FreeFinder.framework */; };
/* End PBXBuildFile section */

/* Begin PBXContainerItemProxy section */
		14A227B71DC83FD200179655 /* PBXContainerItemProxy */ = {
			isa = PBXContainerItemProxy;
			containerPortal = 14A227971DC83FD200179655 /* Project object */;
			proxyType = 1;
			remoteGlobalIDString = 14A2279E1DC83FD200179655;
			remoteInfo = FreeFinder;
		};
/* End PBXContainerItemProxy section */

/* Begin PBXFileReference section */
		14A2279F1DC83FD200179655 /* FreeFinder.app */ = {isa = PBXFileReference; explicitFileType = wrapper.application; includeInIndex = 0; path = FreeFinder.app; sourceTree = BUILT_PRODUCTS_DIR; };
		14A227A21DC83FD200179655 /* AppDelegate.swift */ = {isa = PBXFileReference; lastKnownFileType = sourcecode.swift; path = AppDelegate.swift; sourceTree = "<group>"; };
		14A227A41DC83FD200179655 /* ViewController.swift */ = {isa = PBXFileReference; lastKnownFileType = sourcecode.swift; path = ViewController.swift; sourceTree = "<group>"; };
		14A227A71DC83FD200179655 /* Base */ = {isa = PBXFileReference; lastKnownFileType = file.storyboard; name = Base; path = Base.lproj/Main.storyboard; sourceTree = "<group>"; };
		14A227AA1DC83FD200179655 /* FreeFinder.xcdatamodel */ = {isa = PBXFileReference; lastKnownFileType = wrapper.xcdatamodel; path = FreeFinder.xcdatamodel; sourceTree = "<group>"; };
		14A227AC1DC83FD200179655 /* Assets.xcassets */ = {isa = PBXFileReference; lastKnownFileType = folder.assetcatalog; path = Assets.xcassets; sourceTree = "<group>"; };
		14A227AF1DC83FD200179655 /* Base */ = {isa = PBXFileReference; lastKnownFileType = file.storyboard; name = Base; path = Base.lproj/LaunchScreen.storyboard; sourceTree = "<group>"; };
		14A227B11DC83FD200179655 /* Info.plist */ = {isa = PBXFileReference; lastKnownFileType = text.plist.xml; path = Info.plist; sourceTree = "<group>"; };
		14A227B61DC83FD200179655 /* FreeFinderTests.xctest */ = {isa = PBXFileReference; explicitFileType = wrapper.cfbundle; includeInIndex = 0; path = FreeFinderTests.xctest; sourceTree = BUILT_PRODUCTS_DIR; };
		14A227BA1DC83FD200179655 /* FreeFinderTests.swift */ = {isa = PBXFileReference; lastKnownFileType = sourcecode.swift; path = FreeFinderTests.swift; sourceTree = "<group>"; };
		14A227BC1DC83FD200179655 /* Info.plist */ = {isa = PBXFileReference; lastKnownFileType = text.plist.xml; path = Info.plist; sourceTree = "<group>"; };
		14A227C51DC8425200179655 /* MainTableViewController.swift */ = {isa = PBXFileReference; fileEncoding = 4; lastKnownFileType = sourcecode.swift; path = MainTableViewController.swift; sourceTree = "<group>"; };
		C93BA0493536EAE612C8D09D /* Pods_FreeFinder.framework */ = {isa = PBXFileReference; explicitFileType = wrapper.framework; includeInIndex = 0; path = Pods_FreeFinder.framework; sourceTree = BUILT_PRODUCTS_DIR; };
		E54927283C489732DCCE2E10 /* Pods-FreeFinder.release.xcconfig */ = {isa = PBXFileReference; includeInIndex = 1; lastKnownFileType = text.xcconfig; name = "Pods-FreeFinder.release.xcconfig"; path = "Pods/Target Support Files/Pods-FreeFinder/Pods-FreeFinder.release.xcconfig"; sourceTree = "<group>"; };
		F9EBBCFBC659295B16B294C4 /* Pods-FreeFinder.debug.xcconfig */ = {isa = PBXFileReference; includeInIndex = 1; lastKnownFileType = text.xcconfig; name = "Pods-FreeFinder.debug.xcconfig"; path = "Pods/Target Support Files/Pods-FreeFinder/Pods-FreeFinder.debug.xcconfig"; sourceTree = "<group>"; };
/* End PBXFileReference section */

/* Begin PBXFrameworksBuildPhase section */
		14A2279C1DC83FD200179655 /* Frameworks */ = {
			isa = PBXFrameworksBuildPhase;
			buildActionMask = 2147483647;
			files = (
				D47DF7C188420CC820A8F402 /* Pods_FreeFinder.framework in Frameworks */,
			);
			runOnlyForDeploymentPostprocessing = 0;
		};
		14A227B31DC83FD200179655 /* Frameworks */ = {
			isa = PBXFrameworksBuildPhase;
			buildActionMask = 2147483647;
			files = (
			);
			runOnlyForDeploymentPostprocessing = 0;
		};
/* End PBXFrameworksBuildPhase section */

/* Begin PBXGroup section */
		14A227961DC83FD200179655 = {
			isa = PBXGroup;
			children = (
				14A227A11DC83FD200179655 /* FreeFinder */,
				14A227B91DC83FD200179655 /* FreeFinderTests */,
				14A227A01DC83FD200179655 /* Products */,
				6290FE7EBD2A7FA913D4FBB7 /* Pods */,
				A2DE7AFFCE9982994356D8A5 /* Frameworks */,
			);
			sourceTree = "<group>";
		};
		14A227A01DC83FD200179655 /* Products */ = {
			isa = PBXGroup;
			children = (
				14A2279F1DC83FD200179655 /* FreeFinder.app */,
				14A227B61DC83FD200179655 /* FreeFinderTests.xctest */,
			);
			name = Products;
			sourceTree = "<group>";
		};
		14A227A11DC83FD200179655 /* FreeFinder */ = {
			isa = PBXGroup;
			children = (
				14A227C81DC8438100179655 /* Services */,
				14A227C71DC8436C00179655 /* ViewControllers */,
				14A227A21DC83FD200179655 /* AppDelegate.swift */,
				14A227A61DC83FD200179655 /* Main.storyboard */,
				14A227AC1DC83FD200179655 /* Assets.xcassets */,
				14A227AE1DC83FD200179655 /* LaunchScreen.storyboard */,
				14A227B11DC83FD200179655 /* Info.plist */,
				14A227A91DC83FD200179655 /* FreeFinder.xcdatamodeld */,
			);
			path = FreeFinder;
			sourceTree = "<group>";
		};
		14A227B91DC83FD200179655 /* FreeFinderTests */ = {
			isa = PBXGroup;
			children = (
				14A227BA1DC83FD200179655 /* FreeFinderTests.swift */,
				14A227BC1DC83FD200179655 /* Info.plist */,
			);
			path = FreeFinderTests;
			sourceTree = "<group>";
		};
		14A227C71DC8436C00179655 /* ViewControllers */ = {
			isa = PBXGroup;
			children = (
				14A227A41DC83FD200179655 /* ViewController.swift */,
				14A227C51DC8425200179655 /* MainTableViewController.swift */,
			);
			name = ViewControllers;
			sourceTree = "<group>";
		};
		14A227C81DC8438100179655 /* Services */ = {
			isa = PBXGroup;
			children = (
			);
			name = Services;
			sourceTree = "<group>";
		};
		6290FE7EBD2A7FA913D4FBB7 /* Pods */ = {
			isa = PBXGroup;
			children = (
				F9EBBCFBC659295B16B294C4 /* Pods-FreeFinder.debug.xcconfig */,
				E54927283C489732DCCE2E10 /* Pods-FreeFinder.release.xcconfig */,
			);
			name = Pods;
			sourceTree = "<group>";
		};
		A2DE7AFFCE9982994356D8A5 /* Frameworks */ = {
			isa = PBXGroup;
			children = (
				C93BA0493536EAE612C8D09D /* Pods_FreeFinder.framework */,
			);
			name = Frameworks;
			sourceTree = "<group>";
		};
/* End PBXGroup section */

/* Begin PBXNativeTarget section */
		14A2279E1DC83FD200179655 /* FreeFinder */ = {
			isa = PBXNativeTarget;
			buildConfigurationList = 14A227BF1DC83FD200179655 /* Build configuration list for PBXNativeTarget "FreeFinder" */;
			buildPhases = (
				F083A8220918604B8E14CE48 /* [CP] Check Pods Manifest.lock */,
				14A2279B1DC83FD200179655 /* Sources */,
				14A2279C1DC83FD200179655 /* Frameworks */,
				14A2279D1DC83FD200179655 /* Resources */,
				E06B79EF2CF62049EB04CC2F /* [CP] Embed Pods Frameworks */,
				2E79C833FC53A4445A35E6B9 /* [CP] Copy Pods Resources */,
			);
			buildRules = (
			);
			dependencies = (
			);
			name = FreeFinder;
			productName = FreeFinder;
			productReference = 14A2279F1DC83FD200179655 /* FreeFinder.app */;
			productType = "com.apple.product-type.application";
		};
		14A227B51DC83FD200179655 /* FreeFinderTests */ = {
			isa = PBXNativeTarget;
			buildConfigurationList = 14A227C21DC83FD200179655 /* Build configuration list for PBXNativeTarget "FreeFinderTests" */;
			buildPhases = (
				14A227B21DC83FD200179655 /* Sources */,
				14A227B31DC83FD200179655 /* Frameworks */,
				14A227B41DC83FD200179655 /* Resources */,
			);
			buildRules = (
			);
			dependencies = (
				14A227B81DC83FD200179655 /* PBXTargetDependency */,
			);
			name = FreeFinderTests;
			productName = FreeFinderTests;
			productReference = 14A227B61DC83FD200179655 /* FreeFinderTests.xctest */;
			productType = "com.apple.product-type.bundle.unit-test";
		};
/* End PBXNativeTarget section */

/* Begin PBXProject section */
		14A227971DC83FD200179655 /* Project object */ = {
			isa = PBXProject;
			attributes = {
				LastSwiftUpdateCheck = 0800;
				LastUpgradeCheck = 0800;
				ORGANIZATIONNAME = "Sean Wang";
				TargetAttributes = {
					14A2279E1DC83FD200179655 = {
						CreatedOnToolsVersion = 8.0;
						DevelopmentTeam = LG7K7LC5U8;
						ProvisioningStyle = Automatic;
					};
					14A227B51DC83FD200179655 = {
						CreatedOnToolsVersion = 8.0;
						DevelopmentTeam = V49S83GC9V;
						ProvisioningStyle = Automatic;
						TestTargetID = 14A2279E1DC83FD200179655;
					};
				};
			};
			buildConfigurationList = 14A2279A1DC83FD200179655 /* Build configuration list for PBXProject "FreeFinder" */;
			compatibilityVersion = "Xcode 3.2";
			developmentRegion = English;
			hasScannedForEncodings = 0;
			knownRegions = (
				en,
				Base,
			);
			mainGroup = 14A227961DC83FD200179655;
			productRefGroup = 14A227A01DC83FD200179655 /* Products */;
			projectDirPath = "";
			projectRoot = "";
			targets = (
				14A2279E1DC83FD200179655 /* FreeFinder */,
				14A227B51DC83FD200179655 /* FreeFinderTests */,
			);
		};
/* End PBXProject section */

/* Begin PBXResourcesBuildPhase section */
		14A2279D1DC83FD200179655 /* Resources */ = {
			isa = PBXResourcesBuildPhase;
			buildActionMask = 2147483647;
			files = (
				14A227B01DC83FD200179655 /* LaunchScreen.storyboard in Resources */,
				14A227AD1DC83FD200179655 /* Assets.xcassets in Resources */,
				14A227A81DC83FD200179655 /* Main.storyboard in Resources */,
			);
			runOnlyForDeploymentPostprocessing = 0;
		};
		14A227B41DC83FD200179655 /* Resources */ = {
			isa = PBXResourcesBuildPhase;
			buildActionMask = 2147483647;
			files = (
			);
			runOnlyForDeploymentPostprocessing = 0;
		};
/* End PBXResourcesBuildPhase section */

/* Begin PBXShellScriptBuildPhase section */
		2E79C833FC53A4445A35E6B9 /* [CP] Copy Pods Resources */ = {
			isa = PBXShellScriptBuildPhase;
			buildActionMask = 2147483647;
			files = (
			);
			inputPaths = (
			);
			name = "[CP] Copy Pods Resources";
			outputPaths = (
			);
			runOnlyForDeploymentPostprocessing = 0;
			shellPath = /bin/sh;
			shellScript = "\"${SRCROOT}/Pods/Target Support Files/Pods-FreeFinder/Pods-FreeFinder-resources.sh\"\n";
			showEnvVarsInLog = 0;
		};
		E06B79EF2CF62049EB04CC2F /* [CP] Embed Pods Frameworks */ = {
			isa = PBXShellScriptBuildPhase;
			buildActionMask = 2147483647;
			files = (
			);
			inputPaths = (
			);
			name = "[CP] Embed Pods Frameworks";
			outputPaths = (
			);
			runOnlyForDeploymentPostprocessing = 0;
			shellPath = /bin/sh;
			shellScript = "\"${SRCROOT}/Pods/Target Support Files/Pods-FreeFinder/Pods-FreeFinder-frameworks.sh\"\n";
			showEnvVarsInLog = 0;
		};
		F083A8220918604B8E14CE48 /* [CP] Check Pods Manifest.lock */ = {
			isa = PBXShellScriptBuildPhase;
			buildActionMask = 2147483647;
			files = (
			);
			inputPaths = (
			);
			name = "[CP] Check Pods Manifest.lock";
			outputPaths = (
			);
			runOnlyForDeploymentPostprocessing = 0;
			shellPath = /bin/sh;
			shellScript = "diff \"${PODS_ROOT}/../Podfile.lock\" \"${PODS_ROOT}/Manifest.lock\" > /dev/null\nif [ $? != 0 ] ; then\n    # print error to STDERR\n    echo \"error: The sandbox is not in sync with the Podfile.lock. Run \'pod install\' or update your CocoaPods installation.\" >&2\n    exit 1\nfi\n";
			showEnvVarsInLog = 0;
		};
/* End PBXShellScriptBuildPhase section */

/* Begin PBXSourcesBuildPhase section */
		14A2279B1DC83FD200179655 /* Sources */ = {
			isa = PBXSourcesBuildPhase;
			buildActionMask = 2147483647;
			files = (
				14A227C61DC8425200179655 /* MainTableViewController.swift in Sources */,
				14A227A51DC83FD200179655 /* ViewController.swift in Sources */,
				14A227AB1DC83FD200179655 /* FreeFinder.xcdatamodeld in Sources */,
				14A227A31DC83FD200179655 /* AppDelegate.swift in Sources */,
			);
			runOnlyForDeploymentPostprocessing = 0;
		};
		14A227B21DC83FD200179655 /* Sources */ = {
			isa = PBXSourcesBuildPhase;
			buildActionMask = 2147483647;
			files = (
				14A227BB1DC83FD200179655 /* FreeFinderTests.swift in Sources */,
			);
			runOnlyForDeploymentPostprocessing = 0;
		};
/* End PBXSourcesBuildPhase section */

/* Begin PBXTargetDependency section */
		14A227B81DC83FD200179655 /* PBXTargetDependency */ = {
			isa = PBXTargetDependency;
			target = 14A2279E1DC83FD200179655 /* FreeFinder */;
			targetProxy = 14A227B71DC83FD200179655 /* PBXContainerItemProxy */;
		};
/* End PBXTargetDependency section */

/* Begin PBXVariantGroup section */
		14A227A61DC83FD200179655 /* Main.storyboard */ = {
			isa = PBXVariantGroup;
			children = (
				14A227A71DC83FD200179655 /* Base */,
			);
			name = Main.storyboard;
			sourceTree = "<group>";
		};
		14A227AE1DC83FD200179655 /* LaunchScreen.storyboard */ = {
			isa = PBXVariantGroup;
			children = (
				14A227AF1DC83FD200179655 /* Base */,
			);
			name = LaunchScreen.storyboard;
			sourceTree = "<group>";
		};
/* End PBXVariantGroup section */

/* Begin XCBuildConfiguration section */
		14A227BD1DC83FD200179655 /* Debug */ = {
			isa = XCBuildConfiguration;
			buildSettings = {
				ALWAYS_SEARCH_USER_PATHS = NO;
				CLANG_ANALYZER_NONNULL = YES;
				CLANG_CXX_LANGUAGE_STANDARD = "gnu++0x";
				CLANG_CXX_LIBRARY = "libc++";
				CLANG_ENABLE_MODULES = YES;
				CLANG_ENABLE_OBJC_ARC = YES;
				CLANG_WARN_BOOL_CONVERSION = YES;
				CLANG_WARN_CONSTANT_CONVERSION = YES;
				CLANG_WARN_DIRECT_OBJC_ISA_USAGE = YES_ERROR;
				CLANG_WARN_DOCUMENTATION_COMMENTS = YES;
				CLANG_WARN_EMPTY_BODY = YES;
				CLANG_WARN_ENUM_CONVERSION = YES;
				CLANG_WARN_INFINITE_RECURSION = YES;
				CLANG_WARN_INT_CONVERSION = YES;
				CLANG_WARN_OBJC_ROOT_CLASS = YES_ERROR;
				CLANG_WARN_SUSPICIOUS_MOVES = YES;
				CLANG_WARN_UNREACHABLE_CODE = YES;
				CLANG_WARN__DUPLICATE_METHOD_MATCH = YES;
				"CODE_SIGN_IDENTITY[sdk=iphoneos*]" = "iPhone Developer";
				COPY_PHASE_STRIP = NO;
				DEBUG_INFORMATION_FORMAT = dwarf;
				ENABLE_STRICT_OBJC_MSGSEND = YES;
				ENABLE_TESTABILITY = YES;
				GCC_C_LANGUAGE_STANDARD = gnu99;
				GCC_DYNAMIC_NO_PIC = NO;
				GCC_NO_COMMON_BLOCKS = YES;
				GCC_OPTIMIZATION_LEVEL = 0;
				GCC_PREPROCESSOR_DEFINITIONS = (
					"DEBUG=1",
					"$(inherited)",
				);
				GCC_WARN_64_TO_32_BIT_CONVERSION = YES;
				GCC_WARN_ABOUT_RETURN_TYPE = YES_ERROR;
				GCC_WARN_UNDECLARED_SELECTOR = YES;
				GCC_WARN_UNINITIALIZED_AUTOS = YES_AGGRESSIVE;
				GCC_WARN_UNUSED_FUNCTION = YES;
				GCC_WARN_UNUSED_VARIABLE = YES;
				IPHONEOS_DEPLOYMENT_TARGET = 10.0;
				MTL_ENABLE_DEBUG_INFO = YES;
				ONLY_ACTIVE_ARCH = YES;
				SDKROOT = iphoneos;
				SWIFT_ACTIVE_COMPILATION_CONDITIONS = DEBUG;
				SWIFT_OPTIMIZATION_LEVEL = "-Onone";
				TARGETED_DEVICE_FAMILY = "1,2";
			};
			name = Debug;
		};
		14A227BE1DC83FD200179655 /* Release */ = {
			isa = XCBuildConfiguration;
			buildSettings = {
				ALWAYS_SEARCH_USER_PATHS = NO;
				CLANG_ANALYZER_NONNULL = YES;
				CLANG_CXX_LANGUAGE_STANDARD = "gnu++0x";
				CLANG_CXX_LIBRARY = "libc++";
				CLANG_ENABLE_MODULES = YES;
				CLANG_ENABLE_OBJC_ARC = YES;
				CLANG_WARN_BOOL_CONVERSION = YES;
				CLANG_WARN_CONSTANT_CONVERSION = YES;
				CLANG_WARN_DIRECT_OBJC_ISA_USAGE = YES_ERROR;
				CLANG_WARN_DOCUMENTATION_COMMENTS = YES;
				CLANG_WARN_EMPTY_BODY = YES;
				CLANG_WARN_ENUM_CONVERSION = YES;
				CLANG_WARN_INFINITE_RECURSION = YES;
				CLANG_WARN_INT_CONVERSION = YES;
				CLANG_WARN_OBJC_ROOT_CLASS = YES_ERROR;
				CLANG_WARN_SUSPICIOUS_MOVES = YES;
				CLANG_WARN_UNREACHABLE_CODE = YES;
				CLANG_WARN__DUPLICATE_METHOD_MATCH = YES;
				"CODE_SIGN_IDENTITY[sdk=iphoneos*]" = "iPhone Developer";
				COPY_PHASE_STRIP = NO;
				DEBUG_INFORMATION_FORMAT = "dwarf-with-dsym";
				ENABLE_NS_ASSERTIONS = NO;
				ENABLE_STRICT_OBJC_MSGSEND = YES;
				GCC_C_LANGUAGE_STANDARD = gnu99;
				GCC_NO_COMMON_BLOCKS = YES;
				GCC_WARN_64_TO_32_BIT_CONVERSION = YES;
				GCC_WARN_ABOUT_RETURN_TYPE = YES_ERROR;
				GCC_WARN_UNDECLARED_SELECTOR = YES;
				GCC_WARN_UNINITIALIZED_AUTOS = YES_AGGRESSIVE;
				GCC_WARN_UNUSED_FUNCTION = YES;
				GCC_WARN_UNUSED_VARIABLE = YES;
				IPHONEOS_DEPLOYMENT_TARGET = 10.0;
				MTL_ENABLE_DEBUG_INFO = NO;
				SDKROOT = iphoneos;
				SWIFT_OPTIMIZATION_LEVEL = "-Owholemodule";
				TARGETED_DEVICE_FAMILY = "1,2";
				VALIDATE_PRODUCT = YES;
			};
			name = Release;
		};
		14A227C01DC83FD200179655 /* Debug */ = {
			isa = XCBuildConfiguration;
			baseConfigurationReference = F9EBBCFBC659295B16B294C4 /* Pods-FreeFinder.debug.xcconfig */;
			buildSettings = {
				ASSETCATALOG_COMPILER_APPICON_NAME = AppIcon;
				"CODE_SIGN_IDENTITY[sdk=iphoneos*]" = "iPhone Developer";
				DEVELOPMENT_TEAM = LG7K7LC5U8;
				INFOPLIST_FILE = FreeFinder/Info.plist;
				LD_RUNPATH_SEARCH_PATHS = "$(inherited) @executable_path/Frameworks";
				PRODUCT_BUNDLE_IDENTIFIER = com.seanwang.FreeFinder;
				PRODUCT_NAME = "$(TARGET_NAME)";
				SWIFT_VERSION = 3.0;
			};
			name = Debug;
		};
		14A227C11DC83FD200179655 /* Release */ = {
			isa = XCBuildConfiguration;
			baseConfigurationReference = E54927283C489732DCCE2E10 /* Pods-FreeFinder.release.xcconfig */;
			buildSettings = {
				ASSETCATALOG_COMPILER_APPICON_NAME = AppIcon;
				"CODE_SIGN_IDENTITY[sdk=iphoneos*]" = "iPhone Developer";
				DEVELOPMENT_TEAM = LG7K7LC5U8;
				INFOPLIST_FILE = FreeFinder/Info.plist;
				LD_RUNPATH_SEARCH_PATHS = "$(inherited) @executable_path/Frameworks";
				PRODUCT_BUNDLE_IDENTIFIER = com.seanwang.FreeFinder;
				PRODUCT_NAME = "$(TARGET_NAME)";
				SWIFT_VERSION = 3.0;
			};
			name = Release;
		};
		14A227C31DC83FD200179655 /* Debug */ = {
			isa = XCBuildConfiguration;
			buildSettings = {
				ALWAYS_EMBED_SWIFT_STANDARD_LIBRARIES = YES;
				BUNDLE_LOADER = "$(TEST_HOST)";
				DEVELOPMENT_TEAM = V49S83GC9V;
				INFOPLIST_FILE = FreeFinderTests/Info.plist;
				LD_RUNPATH_SEARCH_PATHS = "$(inherited) @executable_path/Frameworks @loader_path/Frameworks";
				PRODUCT_BUNDLE_IDENTIFIER = com.seanwang.FreeFinderTests;
				PRODUCT_NAME = "$(TARGET_NAME)";
				SWIFT_VERSION = 3.0;
				TEST_HOST = "$(BUILT_PRODUCTS_DIR)/FreeFinder.app/FreeFinder";
			};
			name = Debug;
		};
		14A227C41DC83FD200179655 /* Release */ = {
			isa = XCBuildConfiguration;
			buildSettings = {
				ALWAYS_EMBED_SWIFT_STANDARD_LIBRARIES = YES;
				BUNDLE_LOADER = "$(TEST_HOST)";
				DEVELOPMENT_TEAM = V49S83GC9V;
				INFOPLIST_FILE = FreeFinderTests/Info.plist;
				LD_RUNPATH_SEARCH_PATHS = "$(inherited) @executable_path/Frameworks @loader_path/Frameworks";
				PRODUCT_BUNDLE_IDENTIFIER = com.seanwang.FreeFinderTests;
				PRODUCT_NAME = "$(TARGET_NAME)";
				SWIFT_VERSION = 3.0;
				TEST_HOST = "$(BUILT_PRODUCTS_DIR)/FreeFinder.app/FreeFinder";
			};
			name = Release;
		};
/* End XCBuildConfiguration section */

/* Begin XCConfigurationList section */
		14A2279A1DC83FD200179655 /* Build configuration list for PBXProject "FreeFinder" */ = {
			isa = XCConfigurationList;
			buildConfigurations = (
				14A227BD1DC83FD200179655 /* Debug */,
				14A227BE1DC83FD200179655 /* Release */,
			);
			defaultConfigurationIsVisible = 0;
			defaultConfigurationName = Release;
		};
		14A227BF1DC83FD200179655 /* Build configuration list for PBXNativeTarget "FreeFinder" */ = {
			isa = XCConfigurationList;
			buildConfigurations = (
				14A227C01DC83FD200179655 /* Debug */,
				14A227C11DC83FD200179655 /* Release */,
			);
			defaultConfigurationIsVisible = 0;
			defaultConfigurationName = Release;
		};
		14A227C21DC83FD200179655 /* Build configuration list for PBXNativeTarget "FreeFinderTests" */ = {
			isa = XCConfigurationList;
			buildConfigurations = (
				14A227C31DC83FD200179655 /* Debug */,
				14A227C41DC83FD200179655 /* Release */,
			);
			defaultConfigurationIsVisible = 0;
			defaultConfigurationName = Release;
		};
/* End XCConfigurationList section */

/* Begin XCVersionGroup section */
		14A227A91DC83FD200179655 /* FreeFinder.xcdatamodeld */ = {
			isa = XCVersionGroup;
			children = (
				14A227AA1DC83FD200179655 /* FreeFinder.xcdatamodel */,
			);
			currentVersion = 14A227AA1DC83FD200179655 /* FreeFinder.xcdatamodel */;
			path = FreeFinder.xcdatamodeld;
			sourceTree = "<group>";
			versionGroupType = wrapper.xcdatamodel;
		};
/* End XCVersionGroup section */
	};
	rootObject = 14A227971DC83FD200179655 /* Project object */;
}
